
Microsoft Visual Studio Solution File, Format Version 12.00
# Visual Studio 2013
VisualStudioVersion = 12.0.21005.1
MinimumVisualStudioVersion = 10.0.40219.1
Project("{FAE04EC0-301F-11D3-BF4B-00C04F79EFBC}") = "DbApp", "DbApp\DbApp.csproj", "{7BF226BB-6F69-4848-9061-771AAE79C4D7}"
EndProject
Project("{FAE04EC0-301F-11D3-BF4B-00C04F79EFBC}") = "WebDbApp", "WebDbApp\WebDbApp.csproj", "{31A3B62D-DF4C-4483-AB90-9DB0E4DC5E22}"
EndProject
Project("{FAE04EC0-301F-11D3-BF4B-00C04F79EFBC}") = "StudentsCore", "StudentsCore\StudentsCore.csproj", "{5B744326-604D-4C16-981E-911DD890F853}"
EndProject
Global
	GlobalSection(SolutionConfigurationPlatforms) = preSolution
		Debug|Any CPU = Debug|Any CPU
		Release|Any CPU = Release|Any CPU
	EndGlobalSection
	GlobalSection(ProjectConfigurationPlatforms) = postSolution
		{7BF226BB-6F69-4848-9061-771AAE79C4D7}.Debug|Any CPU.ActiveCfg = Debug|Any CPU
		{7BF226BB-6F69-4848-9061-771AAE79C4D7}.Debug|Any CPU.Build.0 = Debug|Any CPU
		{7BF226BB-6F69-4848-9061-771AAE79C4D7}.Release|Any CPU.ActiveCfg = Release|Any CPU
		{7BF226BB-6F69-4848-9061-771AAE79C4D7}.Release|Any CPU.Build.0 = Release|Any CPU
		{31A3B62D-DF4C-4483-AB90-9DB0E4DC5E22}.Debug|Any CPU.ActiveCfg = Debug|Any CPU
		{31A3B62D-DF4C-4483-AB90-9DB0E4DC5E22}.Debug|Any CPU.Build.0 = Debug|Any CPU
		{31A3B62D-DF4C-4483-AB90-9DB0E4DC5E22}.Release|Any CPU.ActiveCfg = Release|Any CPU
		{31A3B62D-DF4C-4483-AB90-9DB0E4DC5E22}.Release|Any CPU.Build.0 = Release|Any CPU
		{5B744326-604D-4C16-981E-911DD890F853}.Debug|Any CPU.ActiveCfg = Debug|Any CPU
		{5B744326-604D-4C16-981E-911DD890F853}.Debug|Any CPU.Build.0 = Debug|Any CPU
		{5B744326-604D-4C16-981E-911DD890F853}.Release|Any CPU.ActiveCfg = Release|Any CPU
		{5B744326-604D-4C16-981E-911DD890F853}.Release|Any CPU.Build.0 = Release|Any CPU
	EndGlobalSection
	GlobalSection(SolutionProperties) = preSolution
		HideSolutionNode = FALSE
	EndGlobalSection
EndGlobal
